// !$*UTF8*$!
{
	archiveVersion = 1;
	classes = {
	};
	objectVersion = 50;
	objects = {

/* Begin PBXBuildFile section */
		363864BD223F49C7002F9B67 /* AppDelegate.m in Sources */ = {isa = PBXBuildFile; fileRef = 363864BC223F49C7002F9B67 /* AppDelegate.m */; };
		363864C0223F49C7002F9B67 /* ViewController.m in Sources */ = {isa = PBXBuildFile; fileRef = 363864BF223F49C7002F9B67 /* ViewController.m */; };
		363864C3223F49C7002F9B67 /* Main.storyboard in Resources */ = {isa = PBXBuildFile; fileRef = 363864C1223F49C7002F9B67 /* Main.storyboard */; };
		363864C5223F49C8002F9B67 /* Assets.xcassets in Resources */ = {isa = PBXBuildFile; fileRef = 363864C4223F49C8002F9B67 /* Assets.xcassets */; };
		363864C8223F49C8002F9B67 /* LaunchScreen.storyboard in Resources */ = {isa = PBXBuildFile; fileRef = 363864C6223F49C8002F9B67 /* LaunchScreen.storyboard */; };
		363864CB223F49C8002F9B67 /* main.m in Sources */ = {isa = PBXBuildFile; fileRef = 363864CA223F49C8002F9B67 /* main.m */; };
		363864D5223F49C8002F9B67 /* GrapesNetworkingTests.m in Sources */ = {isa = PBXBuildFile; fileRef = 363864D4223F49C8002F9B67 /* GrapesNetworkingTests.m */; };
		363864E0223F49C8002F9B67 /* GrapesNetworkingUITests.m in Sources */ = {isa = PBXBuildFile; fileRef = 363864DF223F49C8002F9B67 /* GrapesNetworkingUITests.m */; };
		678F5D52B3E512042FDBB5D9 /* libPods-GrapesNetworking.a in Frameworks */ = {isa = PBXBuildFile; fileRef = 6CCB9073382DF5800DD282AD /* libPods-GrapesNetworking.a */; };
/* End PBXBuildFile section */

/* Begin PBXContainerItemProxy section */
		363864D1223F49C8002F9B67 /* PBXContainerItemProxy */ = {
			isa = PBXContainerItemProxy;
			containerPortal = 363864B0223F49C7002F9B67 /* Project object */;
			proxyType = 1;
			remoteGlobalIDString = 363864B7223F49C7002F9B67;
			remoteInfo = GrapesNetworking;
		};
		363864DC223F49C8002F9B67 /* PBXContainerItemProxy */ = {
			isa = PBXContainerItemProxy;
			containerPortal = 363864B0223F49C7002F9B67 /* Project object */;
			proxyType = 1;
			remoteGlobalIDString = 363864B7223F49C7002F9B67;
			remoteInfo = GrapesNetworking;
		};
/* End PBXContainerItemProxy section */

/* Begin PBXFileReference section */
		1C2968541A52BBE1BD39CF9C /* Pods-GrapesNetworking.debug.xcconfig */ = {isa = PBXFileReference; includeInIndex = 1; lastKnownFileType = text.xcconfig; name = "Pods-GrapesNetworking.debug.xcconfig"; path = "Target Support Files/Pods-GrapesNetworking/Pods-GrapesNetworking.debug.xcconfig"; sourceTree = "<group>"; };
		363864B8223F49C7002F9B67 /* GrapesNetworking.app */ = {isa = PBXFileReference; explicitFileType = wrapper.application; includeInIndex = 0; path = GrapesNetworking.app; sourceTree = BUILT_PRODUCTS_DIR; };
		363864BB223F49C7002F9B67 /* AppDelegate.h */ = {isa = PBXFileReference; lastKnownFileType = sourcecode.c.h; path = AppDelegate.h; sourceTree = "<group>"; };
		363864BC223F49C7002F9B67 /* AppDelegate.m */ = {isa = PBXFileReference; lastKnownFileType = sourcecode.c.objc; path = AppDelegate.m; sourceTree = "<group>"; };
		363864BE223F49C7002F9B67 /* ViewController.h */ = {isa = PBXFileReference; lastKnownFileType = sourcecode.c.h; path = ViewController.h; sourceTree = "<group>"; };
		363864BF223F49C7002F9B67 /* ViewController.m */ = {isa = PBXFileReference; lastKnownFileType = sourcecode.c.objc; path = ViewController.m; sourceTree = "<group>"; };
		363864C2223F49C7002F9B67 /* Base */ = {isa = PBXFileReference; lastKnownFileType = file.storyboard; name = Base; path = Base.lproj/Main.storyboard; sourceTree = "<group>"; };
		363864C4223F49C8002F9B67 /* Assets.xcassets */ = {isa = PBXFileReference; lastKnownFileType = folder.assetcatalog; path = Assets.xcassets; sourceTree = "<group>"; };
		363864C7223F49C8002F9B67 /* Base */ = {isa = PBXFileReference; lastKnownFileType = file.storyboard; name = Base; path = Base.lproj/LaunchScreen.storyboard; sourceTree = "<group>"; };
		363864C9223F49C8002F9B67 /* Info.plist */ = {isa = PBXFileReference; lastKnownFileType = text.plist.xml; path = Info.plist; sourceTree = "<group>"; };
		363864CA223F49C8002F9B67 /* main.m */ = {isa = PBXFileReference; lastKnownFileType = sourcecode.c.objc; path = main.m; sourceTree = "<group>"; };
		363864D0223F49C8002F9B67 /* GrapesNetworkingTests.xctest */ = {isa = PBXFileReference; explicitFileType = wrapper.cfbundle; includeInIndex = 0; path = GrapesNetworkingTests.xctest; sourceTree = BUILT_PRODUCTS_DIR; };
		363864D4223F49C8002F9B67 /* GrapesNetworkingTests.m */ = {isa = PBXFileReference; lastKnownFileType = sourcecode.c.objc; path = GrapesNetworkingTests.m; sourceTree = "<group>"; };
		363864D6223F49C8002F9B67 /* Info.plist */ = {isa = PBXFileReference; lastKnownFileType = text.plist.xml; path = Info.plist; sourceTree = "<group>"; };
		363864DB223F49C8002F9B67 /* GrapesNetworkingUITests.xctest */ = {isa = PBXFileReference; explicitFileType = wrapper.cfbundle; includeInIndex = 0; path = GrapesNetworkingUITests.xctest; sourceTree = BUILT_PRODUCTS_DIR; };
		363864DF223F49C8002F9B67 /* GrapesNetworkingUITests.m */ = {isa = PBXFileReference; lastKnownFileType = sourcecode.c.objc; path = GrapesNetworkingUITests.m; sourceTree = "<group>"; };
		363864E1223F49C8002F9B67 /* Info.plist */ = {isa = PBXFileReference; lastKnownFileType = text.plist.xml; path = Info.plist; sourceTree = "<group>"; };
		41CF531B09FDFA02B77CAA95 /* Pods-GrapesNetworking.release.xcconfig */ = {isa = PBXFileReference; includeInIndex = 1; lastKnownFileType = text.xcconfig; name = "Pods-GrapesNetworking.release.xcconfig"; path = "Target Support Files/Pods-GrapesNetworking/Pods-GrapesNetworking.release.xcconfig"; sourceTree = "<group>"; };
		6CCB9073382DF5800DD282AD /* libPods-GrapesNetworking.a */ = {isa = PBXFileReference; explicitFileType = archive.ar; includeInIndex = 0; path = "libPods-GrapesNetworking.a"; sourceTree = BUILT_PRODUCTS_DIR; };
/* End PBXFileReference section */

/* Begin PBXFrameworksBuildPhase section */
		363864B5223F49C7002F9B67 /* Frameworks */ = {
			isa = PBXFrameworksBuildPhase;
			buildActionMask = 2147483647;
			files = (
				678F5D52B3E512042FDBB5D9 /* libPods-GrapesNetworking.a in Frameworks */,
			);
			runOnlyForDeploymentPostprocessing = 0;
		};
		363864CD223F49C8002F9B67 /* Frameworks */ = {
			isa = PBXFrameworksBuildPhase;
			buildActionMask = 2147483647;
			files = (
			);
			runOnlyForDeploymentPostprocessing = 0;
		};
		363864D8223F49C8002F9B67 /* Frameworks */ = {
			isa = PBXFrameworksBuildPhase;
			buildActionMask = 2147483647;
			files = (
			);
			runOnlyForDeploymentPostprocessing = 0;
		};
/* End PBXFrameworksBuildPhase section */

/* Begin PBXGroup section */
		363864AF223F49C7002F9B67 = {
			isa = PBXGroup;
			children = (
				363864BA223F49C7002F9B67 /* GrapesNetworking */,
				363864D3223F49C8002F9B67 /* GrapesNetworkingTests */,
				363864DE223F49C8002F9B67 /* GrapesNetworkingUITests */,
				363864B9223F49C7002F9B67 /* Products */,
				CCB5AB4DD5F676213806D484 /* Pods */,
				648BCC48BB3FB8F0FE8D2117 /* Frameworks */,
			);
			sourceTree = "<group>";
		};
		363864B9223F49C7002F9B67 /* Products */ = {
			isa = PBXGroup;
			children = (
				363864B8223F49C7002F9B67 /* GrapesNetworking.app */,
				363864D0223F49C8002F9B67 /* GrapesNetworkingTests.xctest */,
				363864DB223F49C8002F9B67 /* GrapesNetworkingUITests.xctest */,
			);
			name = Products;
			sourceTree = "<group>";
		};
		363864BA223F49C7002F9B67 /* GrapesNetworking */ = {
			isa = PBXGroup;
			children = (
				363864BB223F49C7002F9B67 /* AppDelegate.h */,
				363864BC223F49C7002F9B67 /* AppDelegate.m */,
				363864BE223F49C7002F9B67 /* ViewController.h */,
				363864BF223F49C7002F9B67 /* ViewController.m */,
				363864C1223F49C7002F9B67 /* Main.storyboard */,
				363864C4223F49C8002F9B67 /* Assets.xcassets */,
				363864C6223F49C8002F9B67 /* LaunchScreen.storyboard */,
				363864C9223F49C8002F9B67 /* Info.plist */,
				363864CA223F49C8002F9B67 /* main.m */,
			);
			path = GrapesNetworking;
			sourceTree = "<group>";
		};
		363864D3223F49C8002F9B67 /* GrapesNetworkingTests */ = {
			isa = PBXGroup;
			children = (
				363864D4223F49C8002F9B67 /* GrapesNetworkingTests.m */,
				363864D6223F49C8002F9B67 /* Info.plist */,
			);
			path = GrapesNetworkingTests;
			sourceTree = "<group>";
		};
		363864DE223F49C8002F9B67 /* GrapesNetworkingUITests */ = {
			isa = PBXGroup;
			children = (
				363864DF223F49C8002F9B67 /* GrapesNetworkingUITests.m */,
				363864E1223F49C8002F9B67 /* Info.plist */,
			);
			path = GrapesNetworkingUITests;
			sourceTree = "<group>";
		};
		648BCC48BB3FB8F0FE8D2117 /* Frameworks */ = {
			isa = PBXGroup;
			children = (
				6CCB9073382DF5800DD282AD /* libPods-GrapesNetworking.a */,
			);
			name = Frameworks;
			sourceTree = "<group>";
		};
		CCB5AB4DD5F676213806D484 /* Pods */ = {
			isa = PBXGroup;
			children = (
				1C2968541A52BBE1BD39CF9C /* Pods-GrapesNetworking.debug.xcconfig */,
				41CF531B09FDFA02B77CAA95 /* Pods-GrapesNetworking.release.xcconfig */,
			);
			path = Pods;
			sourceTree = "<group>";
		};
/* End PBXGroup section */

/* Begin PBXNativeTarget section */
		363864B7223F49C7002F9B67 /* GrapesNetworking */ = {
			isa = PBXNativeTarget;
			buildConfigurationList = 363864E4223F49C8002F9B67 /* Build configuration list for PBXNativeTarget "GrapesNetworking" */;
			buildPhases = (
				E2DEFF8D4F31D60929F145F0 /* [CP] Check Pods Manifest.lock */,
				363864B4223F49C7002F9B67 /* Sources */,
				363864B5223F49C7002F9B67 /* Frameworks */,
				363864B6223F49C7002F9B67 /* Resources */,
			);
			buildRules = (
			);
			dependencies = (
			);
			name = GrapesNetworking;
			productName = GrapesNetworking;
			productReference = 363864B8223F49C7002F9B67 /* GrapesNetworking.app */;
			productType = "com.apple.product-type.application";
		};
		363864CF223F49C8002F9B67 /* GrapesNetworkingTests */ = {
			isa = PBXNativeTarget;
			buildConfigurationList = 363864E7223F49C8002F9B67 /* Build configuration list for PBXNativeTarget "GrapesNetworkingTests" */;
			buildPhases = (
				363864CC223F49C8002F9B67 /* Sources */,
				363864CD223F49C8002F9B67 /* Frameworks */,
				363864CE223F49C8002F9B67 /* Resources */,
			);
			buildRules = (
			);
			dependencies = (
				363864D2223F49C8002F9B67 /* PBXTargetDependency */,
			);
			name = GrapesNetworkingTests;
			productName = GrapesNetworkingTests;
			productReference = 363864D0223F49C8002F9B67 /* GrapesNetworkingTests.xctest */;
			productType = "com.apple.product-type.bundle.unit-test";
		};
		363864DA223F49C8002F9B67 /* GrapesNetworkingUITests */ = {
			isa = PBXNativeTarget;
			buildConfigurationList = 363864EA223F49C8002F9B67 /* Build configuration list for PBXNativeTarget "GrapesNetworkingUITests" */;
			buildPhases = (
				363864D7223F49C8002F9B67 /* Sources */,
				363864D8223F49C8002F9B67 /* Frameworks */,
				363864D9223F49C8002F9B67 /* Resources */,
			);
			buildRules = (
			);
			dependencies = (
				363864DD223F49C8002F9B67 /* PBXTargetDependency */,
			);
			name = GrapesNetworkingUITests;
			productName = GrapesNetworkingUITests;
			productReference = 363864DB223F49C8002F9B67 /* GrapesNetworkingUITests.xctest */;
			productType = "com.apple.product-type.bundle.ui-testing";
		};
/* End PBXNativeTarget section */

/* Begin PBXProject section */
		363864B0223F49C7002F9B67 /* Project object */ = {
			isa = PBXProject;
			attributes = {
				LastUpgradeCheck = 1010;
				ORGANIZATIONNAME = mcf;
				TargetAttributes = {
					363864B7223F49C7002F9B67 = {
						CreatedOnToolsVersion = 10.1;
					};
					363864CF223F49C8002F9B67 = {
						CreatedOnToolsVersion = 10.1;
						TestTargetID = 363864B7223F49C7002F9B67;
					};
					363864DA223F49C8002F9B67 = {
						CreatedOnToolsVersion = 10.1;
						TestTargetID = 363864B7223F49C7002F9B67;
					};
				};
			};
			buildConfigurationList = 363864B3223F49C7002F9B67 /* Build configuration list for PBXProject "GrapesNetworking" */;
			compatibilityVersion = "Xcode 9.3";
			developmentRegion = en;
			hasScannedForEncodings = 0;
			knownRegions = (
				en,
				Base,
			);
			mainGroup = 363864AF223F49C7002F9B67;
			productRefGroup = 363864B9223F49C7002F9B67 /* Products */;
			projectDirPath = "";
			projectRoot = "";
			targets = (
				363864B7223F49C7002F9B67 /* GrapesNetworking */,
				363864CF223F49C8002F9B67 /* GrapesNetworkingTests */,
				363864DA223F49C8002F9B67 /* GrapesNetworkingUITests */,
			);
		};
/* End PBXProject section */

/* Begin PBXResourcesBuildPhase section */
		363864B6223F49C7002F9B67 /* Resources */ = {
			isa = PBXResourcesBuildPhase;
			buildActionMask = 2147483647;
			files = (
				363864C8223F49C8002F9B67 /* LaunchScreen.storyboard in Resources */,
				363864C5223F49C8002F9B67 /* Assets.xcassets in Resources */,
				363864C3223F49C7002F9B67 /* Main.storyboard in Resources */,
			);
			runOnlyForDeploymentPostprocessing = 0;
		};
		363864CE223F49C8002F9B67 /* Resources */ = {
			isa = PBXResourcesBuildPhase;
			buildActionMask = 2147483647;
			files = (
			);
			runOnlyForDeploymentPostprocessing = 0;
		};
		363864D9223F49C8002F9B67 /* Resources */ = {
			isa = PBXResourcesBuildPhase;
			buildActionMask = 2147483647;
			files = (
			);
			runOnlyForDeploymentPostprocessing = 0;
		};
/* End PBXResourcesBuildPhase section */

/* Begin PBXShellScriptBuildPhase section */
		E2DEFF8D4F31D60929F145F0 /* [CP] Check Pods Manifest.lock */ = {
			isa = PBXShellScriptBuildPhase;
			buildActionMask = 2147483647;
			files = (
			);
			inputFileListPaths = (
			);
			inputPaths = (
				"${PODS_PODFILE_DIR_PATH}/Podfile.lock",
				"${PODS_ROOT}/Manifest.lock",
			);
			name = "[CP] Check Pods Manifest.lock";
			outputFileListPaths = (
			);
			outputPaths = (
				"$(DERIVED_FILE_DIR)/Pods-GrapesNetworking-checkManifestLockResult.txt",
			);
			runOnlyForDeploymentPostprocessing = 0;
			shellPath = /bin/sh;
			shellScript = "diff \"${PODS_PODFILE_DIR_PATH}/Podfile.lock\" \"${PODS_ROOT}/Manifest.lock\" > /dev/null\nif [ $? != 0 ] ; then\n    # print error to STDERR\n    echo \"error: The sandbox is not in sync with the Podfile.lock. Run 'pod install' or update your CocoaPods installation.\" >&2\n    exit 1\nfi\n# This output is used by Xcode 'outputs' to avoid re-running this script phase.\necho \"SUCCESS\" > \"${SCRIPT_OUTPUT_FILE_0}\"\n";
			showEnvVarsInLog = 0;
		};
/* End PBXShellScriptBuildPhase section */

/* Begin PBXSourcesBuildPhase section */
		363864B4223F49C7002F9B67 /* Sources */ = {
			isa = PBXSourcesBuildPhase;
			buildActionMask = 2147483647;
			files = (
				363864C0223F49C7002F9B67 /* ViewController.m in Sources */,
				363864CB223F49C8002F9B67 /* main.m in Sources */,
				363864BD223F49C7002F9B67 /* AppDelegate.m in Sources */,
			);
			runOnlyForDeploymentPostprocessing = 0;
		};
		363864CC223F49C8002F9B67 /* Sources */ = {
			isa = PBXSourcesBuildPhase;
			buildActionMask = 2147483647;
			files = (
				363864D5223F49C8002F9B67 /* GrapesNetworkingTests.m in Sources */,
			);
			runOnlyForDeploymentPostprocessing = 0;
		};
		363864D7223F49C8002F9B67 /* Sources */ = {
			isa = PBXSourcesBuildPhase;
			buildActionMask = 2147483647;
			files = (
				363864E0223F49C8002F9B67 /* GrapesNetworkingUITests.m in Sources */,
			);
			runOnlyForDeploymentPostprocessing = 0;
		};
/* End PBXSourcesBuildPhase section */

/* Begin PBXTargetDependency section */
		363864D2223F49C8002F9B67 /* PBXTargetDependency */ = {
			isa = PBXTargetDependency;
			target = 363864B7223F49C7002F9B67 /* GrapesNetworking */;
			targetProxy = 363864D1223F49C8002F9B67 /* PBXContainerItemProxy */;
		};
		363864DD223F49C8002F9B67 /* PBXTargetDependency */ = {
			isa = PBXTargetDependency;
			target = 363864B7223F49C7002F9B67 /* GrapesNetworking */;
			targetProxy = 363864DC223F49C8002F9B67 /* PBXContainerItemProxy */;
		};
/* End PBXTargetDependency section */

/* Begin PBXVariantGroup section */
		363864C1223F49C7002F9B67 /* Main.storyboard */ = {
			isa = PBXVariantGroup;
			children = (
				363864C2223F49C7002F9B67 /* Base */,
			);
			name = Main.storyboard;
			sourceTree = "<group>";
		};
		363864C6223F49C8002F9B67 /* LaunchScreen.storyboard */ = {
			isa = PBXVariantGroup;
			children = (
				363864C7223F49C8002F9B67 /* Base */,
			);
			name = LaunchScreen.storyboard;
			sourceTree = "<group>";
		};
/* End PBXVariantGroup section */

/* Begin XCBuildConfiguration section */
		363864E2223F49C8002F9B67 /* Debug */ = {
			isa = XCBuildConfiguration;
			buildSettings = {
				ALWAYS_SEARCH_USER_PATHS = NO;
				CLANG_ANALYZER_NONNULL = YES;
				CLANG_ANALYZER_NUMBER_OBJECT_CONVERSION = YES_AGGRESSIVE;
				CLANG_CXX_LANGUAGE_STANDARD = "gnu++14";
				CLANG_CXX_LIBRARY = "libc++";
				CLANG_ENABLE_MODULES = YES;
				CLANG_ENABLE_OBJC_ARC = YES;
				CLANG_ENABLE_OBJC_WEAK = YES;
				CLANG_WARN_BLOCK_CAPTURE_AUTORELEASING = YES;
				CLANG_WARN_BOOL_CONVERSION = YES;
				CLANG_WARN_COMMA = YES;
				CLANG_WARN_CONSTANT_CONVERSION = YES;
				CLANG_WARN_DEPRECATED_OBJC_IMPLEMENTATIONS = YES;
				CLANG_WARN_DIRECT_OBJC_ISA_USAGE = YES_ERROR;
				CLANG_WARN_DOCUMENTATION_COMMENTS = YES;
				CLANG_WARN_EMPTY_BODY = YES;
				CLANG_WARN_ENUM_CONVERSION = YES;
				CLANG_WARN_INFINITE_RECURSION = YES;
				CLANG_WARN_INT_CONVERSION = YES;
				CLANG_WARN_NON_LITERAL_NULL_CONVERSION = YES;
				CLANG_WARN_OBJC_IMPLICIT_RETAIN_SELF = YES;
				CLANG_WARN_OBJC_LITERAL_CONVERSION = YES;
				CLANG_WARN_OBJC_ROOT_CLASS = YES_ERROR;
				CLANG_WARN_RANGE_LOOP_ANALYSIS = YES;
				CLANG_WARN_STRICT_PROTOTYPES = YES;
				CLANG_WARN_SUSPICIOUS_MOVE = YES;
				CLANG_WARN_UNGUARDED_AVAILABILITY = YES_AGGRESSIVE;
				CLANG_WARN_UNREACHABLE_CODE = YES;
				CLANG_WARN__DUPLICATE_METHOD_MATCH = YES;
				CODE_SIGN_IDENTITY = "iPhone Developer";
				COPY_PHASE_STRIP = NO;
				DEBUG_INFORMATION_FORMAT = dwarf;
				ENABLE_STRICT_OBJC_MSGSEND = YES;
				ENABLE_TESTABILITY = YES;
				GCC_C_LANGUAGE_STANDARD = gnu11;
				GCC_DYNAMIC_NO_PIC = NO;
				GCC_NO_COMMON_BLOCKS = YES;
				GCC_OPTIMIZATION_LEVEL = 0;
				GCC_PREPROCESSOR_DEFINITIONS = (
					"DEBUG=1",
					"$(inherited)",
				);
				GCC_WARN_64_TO_32_BIT_CONVERSION = YES;
				GCC_WARN_ABOUT_RETURN_TYPE = YES_ERROR;
				GCC_WARN_UNDECLARED_SELECTOR = YES;
				GCC_WARN_UNINITIALIZED_AUTOS = YES_AGGRESSIVE;
				GCC_WARN_UNUSED_FUNCTION = YES;
				GCC_WARN_UNUSED_VARIABLE = YES;
				IPHONEOS_DEPLOYMENT_TARGET = 12.1;
				MTL_ENABLE_DEBUG_INFO = INCLUDE_SOURCE;
				MTL_FAST_MATH = YES;
				ONLY_ACTIVE_ARCH = YES;
				SDKROOT = iphoneos;
			};
			name = Debug;
		};
		363864E3223F49C8002F9B67 /* Release */ = {
			isa = XCBuildConfiguration;
			buildSettings = {
				ALWAYS_SEARCH_USER_PATHS = NO;
				CLANG_ANALYZER_NONNULL = YES;
				CLANG_ANALYZER_NUMBER_OBJECT_CONVERSION = YES_AGGRESSIVE;
				CLANG_CXX_LANGUAGE_STANDARD = "gnu++14";
				CLANG_CXX_LIBRARY = "libc++";
				CLANG_ENABLE_MODULES = YES;
				CLANG_ENABLE_OBJC_ARC = YES;
				CLANG_ENABLE_OBJC_WEAK = YES;
				CLANG_WARN_BLOCK_CAPTURE_AUTORELEASING = YES;
				CLANG_WARN_BOOL_CONVERSION = YES;
				CLANG_WARN_COMMA = YES;
				CLANG_WARN_CONSTANT_CONVERSION = YES;
				CLANG_WARN_DEPRECATED_OBJC_IMPLEMENTATIONS = YES;
				CLANG_WARN_DIRECT_OBJC_ISA_USAGE = YES_ERROR;
				CLANG_WARN_DOCUMENTATION_COMMENTS = YES;
				CLANG_WARN_EMPTY_BODY = YES;
				CLANG_WARN_ENUM_CONVERSION = YES;
				CLANG_WARN_INFINITE_RECURSION = YES;
				CLANG_WARN_INT_CONVERSION = YES;
				CLANG_WARN_NON_LITERAL_NULL_CONVERSION = YES;
				CLANG_WARN_OBJC_IMPLICIT_RETAIN_SELF = YES;
				CLANG_WARN_OBJC_LITERAL_CONVERSION = YES;
				CLANG_WARN_OBJC_ROOT_CLASS = YES_ERROR;
				CLANG_WARN_RANGE_LOOP_ANALYSIS = YES;
				CLANG_WARN_STRICT_PROTOTYPES = YES;
				CLANG_WARN_SUSPICIOUS_MOVE = YES;
				CLANG_WARN_UNGUARDED_AVAILABILITY = YES_AGGRESSIVE;
				CLANG_WARN_UNREACHABLE_CODE = YES;
				CLANG_WARN__DUPLICATE_METHOD_MATCH = YES;
				CODE_SIGN_IDENTITY = "iPhone Developer";
				COPY_PHASE_STRIP = NO;
				DEBUG_INFORMATION_FORMAT = "dwarf-with-dsym";
				ENABLE_NS_ASSERTIONS = NO;
				ENABLE_STRICT_OBJC_MSGSEND = YES;
				GCC_C_LANGUAGE_STANDARD = gnu11;
				GCC_NO_COMMON_BLOCKS = YES;
				GCC_WARN_64_TO_32_BIT_CONVERSION = YES;
				GCC_WARN_ABOUT_RETURN_TYPE = YES_ERROR;
				GCC_WARN_UNDECLARED_SELECTOR = YES;
				GCC_WARN_UNINITIALIZED_AUTOS = YES_AGGRESSIVE;
				GCC_WARN_UNUSED_FUNCTION = YES;
				GCC_WARN_UNUSED_VARIABLE = YES;
				IPHONEOS_DEPLOYMENT_TARGET = 12.1;
				MTL_ENABLE_DEBUG_INFO = NO;
				MTL_FAST_MATH = YES;
				SDKROOT = iphoneos;
				VALIDATE_PRODUCT = YES;
			};
			name = Release;
		};
		363864E5223F49C8002F9B67 /* Debug */ = {
			isa = XCBuildConfiguration;
			baseConfigurationReference = 1C2968541A52BBE1BD39CF9C /* Pods-GrapesNetworking.debug.xcconfig */;
			buildSettings = {
				ASSETCATALOG_COMPILER_APPICON_NAME = AppIcon;
				CODE_SIGN_STYLE = Automatic;
				DEVELOPMENT_TEAM = B82Z6RQ4T3;
				INFOPLIST_FILE = GrapesNetworking/Info.plist;
				LD_RUNPATH_SEARCH_PATHS = (
					"$(inherited)",
					"@executable_path/Frameworks",
				);
				PRODUCT_BUNDLE_IDENTIFIER = com.suning.GrapesNetWork;
				PRODUCT_NAME = "$(TARGET_NAME)";
				TARGETED_DEVICE_FAMILY = "1,2";
			};
			name = Debug;
		};
		363864E6223F49C8002F9B67 /* Release */ = {
			isa = XCBuildConfiguration;
			baseConfigurationReference = 41CF531B09FDFA02B77CAA95 /* Pods-GrapesNetworking.release.xcconfig */;
			buildSettings = {
				ASSETCATALOG_COMPILER_APPICON_NAME = AppIcon;
				CODE_SIGN_STYLE = Automatic;
				DEVELOPMENT_TEAM = B82Z6RQ4T3;
				INFOPLIST_FILE = GrapesNetworking/Info.plist;
				LD_RUNPATH_SEARCH_PATHS = (
					"$(inherited)",
					"@executable_path/Frameworks",
				);
				PRODUCT_BUNDLE_IDENTIFIER = com.suning.GrapesNetWork;
				PRODUCT_NAME = "$(TARGET_NAME)";
				TARGETED_DEVICE_FAMILY = "1,2";
			};
			name = Release;
		};
		363864E8223F49C8002F9B67 /* Debug */ = {
			isa = XCBuildConfiguration;
			buildSettings = {
				BUNDLE_LOADER = "$(TEST_HOST)";
				CODE_SIGN_STYLE = Automatic;
				INFOPLIST_FILE = GrapesNetworkingTests/Info.plist;
				LD_RUNPATH_SEARCH_PATHS = (
					"$(inherited)",
					"@executable_path/Frameworks",
					"@loader_path/Frameworks",
				);
				PRODUCT_BUNDLE_IDENTIFIER = com.suning.GrapesNetworkingTests;
				PRODUCT_NAME = "$(TARGET_NAME)";
				TARGETED_DEVICE_FAMILY = "1,2";
				TEST_HOST = "$(BUILT_PRODUCTS_DIR)/GrapesNetworking.app/GrapesNetworking";
			};
			name = Debug;
		};
		363864E9223F49C8002F9B67 /* Release */ = {
			isa = XCBuildConfiguration;
			buildSettings = {
				BUNDLE_LOADER = "$(TEST_HOST)";
				CODE_SIGN_STYLE = Automatic;
				INFOPLIST_FILE = GrapesNetworkingTests/Info.plist;
				LD_RUNPATH_SEARCH_PATHS = (
					"$(inherited)",
					"@executable_path/Frameworks",
					"@loader_path/Frameworks",
				);
				PRODUCT_BUNDLE_IDENTIFIER = com.suning.GrapesNetworkingTests;
				PRODUCT_NAME = "$(TARGET_NAME)";
				TARGETED_DEVICE_FAMILY = "1,2";
				TEST_HOST = "$(BUILT_PRODUCTS_DIR)/GrapesNetworking.app/GrapesNetworking";
			};
			name = Release;
		};
		363864EB223F49C8002F9B67 /* Debug */ = {
			isa = XCBuildConfiguration;
			buildSettings = {
				CODE_SIGN_STYLE = Automatic;
				INFOPLIST_FILE = GrapesNetworkingUITests/Info.plist;
				LD_RUNPATH_SEARCH_PATHS = (
					"$(inherited)",
					"@executable_path/Frameworks",
					"@loader_path/Frameworks",
				);
				PRODUCT_BUNDLE_IDENTIFIER = com.suning.GrapesNetworkingUITests;
				PRODUCT_NAME = "$(TARGET_NAME)";
				TARGETED_DEVICE_FAMILY = "1,2";
				TEST_TARGET_NAME = GrapesNetworking;
			};
			name = Debug;
		};
		363864EC223F49C8002F9B67 /* Release */ = {
			isa = XCBuildConfiguration;
			buildSettings = {
				CODE_SIGN_STYLE = Automatic;
				INFOPLIST_FILE = GrapesNetworkingUITests/Info.plist;
				LD_RUNPATH_SEARCH_PATHS = (
					"$(inherited)",
					"@executable_path/Frameworks",
					"@loader_path/Frameworks",
				);
				PRODUCT_BUNDLE_IDENTIFIER = com.suning.GrapesNetworkingUITests;
				PRODUCT_NAME = "$(TARGET_NAME)";
				TARGETED_DEVICE_FAMILY = "1,2";
				TEST_TARGET_NAME = GrapesNetworking;
			};
			name = Release;
		};
/* End XCBuildConfiguration section */

/* Begin XCConfigurationList section */
		363864B3223F49C7002F9B67 /* Build configuration list for PBXProject "GrapesNetworking" */ = {
			isa = XCConfigurationList;
			buildConfigurations = (
				363864E2223F49C8002F9B67 /* Debug */,
				363864E3223F49C8002F9B67 /* Release */,
			);
			defaultConfigurationIsVisible = 0;
			defaultConfigurationName = Release;
		};
		363864E4223F49C8002F9B67 /* Build configuration list for PBXNativeTarget "GrapesNetworking" */ = {
			isa = XCConfigurationList;
			buildConfigurations = (
				363864E5223F49C8002F9B67 /* Debug */,
				363864E6223F49C8002F9B67 /* Release */,
			);
			defaultConfigurationIsVisible = 0;
			defaultConfigurationName = Release;
		};
		363864E7223F49C8002F9B67 /* Build configuration list for PBXNativeTarget "GrapesNetworkingTests" */ = {
			isa = XCConfigurationList;
			buildConfigurations = (
				363864E8223F49C8002F9B67 /* Debug */,
				363864E9223F49C8002F9B67 /* Release */,
			);
			defaultConfigurationIsVisible = 0;
			defaultConfigurationName = Release;
		};
		363864EA223F49C8002F9B67 /* Build configuration list for PBXNativeTarget "GrapesNetworkingUITests" */ = {
			isa = XCConfigurationList;
			buildConfigurations = (
				363864EB223F49C8002F9B67 /* Debug */,
				363864EC223F49C8002F9B67 /* Release */,
			);
			defaultConfigurationIsVisible = 0;
			defaultConfigurationName = Release;
		};
/* End XCConfigurationList section */
	};
	rootObject = 363864B0223F49C7002F9B67 /* Project object */;
}
